
Microsoft Visual Studio Solution File, Format Version 11.00
# Visual Studio 2010
Project("{2150E333-8FDC-42A3-9474-1A3956D46DE8}") = "Docs", "Docs", "{D6B6BD71-E790-4DA2-93EE-AEFBC77A9FA1}"
	ProjectSection(SolutionItems) = preProject
		BUILD.txt = BUILD.txt
		CHANGELOG.txt = CHANGELOG.txt
		INSTALL.txt = INSTALL.txt
		LICENSE.txt = LICENSE.txt
		README.txt = README.txt
	EndProjectSection
EndProject
Project("{FAE04EC0-301F-11D3-BF4B-00C04F79EFBC}") = "SideBuilder.VS10", "SideBuilder\SideBuilder.VS10.csproj", "{7C197171-9B9D-4958-BCD0-4851C7E48F5C}"
EndProject
Project("{FAE04EC0-301F-11D3-BF4B-00C04F79EFBC}") = "VisualStudio.Support.VS10", "VisualStudio.Support\VisualStudio.Support.VS10.csproj", "{C51EA5A8-9F74-4587-ADBB-6DDE4FBE1DA0}"
EndProject
Project("{FAE04EC0-301F-11D3-BF4B-00C04F79EFBC}") = "VisualStudio.Probe.VS10", "VisualStudio.Probe\VisualStudio.Probe.VS10.csproj", "{306BCE1A-98C7-4D17-94AA-7EE2F96E4409}"
EndProject
Project("{FAE04EC0-301F-11D3-BF4B-00C04F79EFBC}") = "Samples", "Samples\Samples.csproj", "{104D0EF1-933F-4406-ABD3-F37C8DEA22B7}"
EndProject
Project("{FAE04EC0-301F-11D3-BF4B-00C04F79EFBC}") = "SideBuilder.Core", "SideBuilder.Core\SideBuilder.Core.csproj", "{6D59B7A2-DAAA-4CC5-A035-E631B3C5E2A3}"
EndProject
Project("{FAE04EC0-301F-11D3-BF4B-00C04F79EFBC}") = "MSBuild.Support.VS10", "MSBuild.Support.VS10\MSBuild.Support.VS10.csproj", "{BC73F05B-6966-4FC7-A28E-7933C1907F9D}"
EndProject
Project("{FAE04EC0-301F-11D3-BF4B-00C04F79EFBC}") = "SideBuilder.Test", "SideBuilder.Test\SideBuilder.Test.csproj", "{B1D198F3-CD6D-4EAF-B78E-3286F5AEE99B}"
EndProject
Global
	GlobalSection(SolutionConfigurationPlatforms) = preSolution
		Debug|Any CPU = Debug|Any CPU
		Debug|Mixed Platforms = Debug|Mixed Platforms
		Debug|x86 = Debug|x86
		Release|Any CPU = Release|Any CPU
		Release|Mixed Platforms = Release|Mixed Platforms
		Release|x86 = Release|x86
	EndGlobalSection
	GlobalSection(ProjectConfigurationPlatforms) = postSolution
		{7C197171-9B9D-4958-BCD0-4851C7E48F5C}.Debug|Any CPU.ActiveCfg = Debug|Any CPU
		{7C197171-9B9D-4958-BCD0-4851C7E48F5C}.Debug|Any CPU.Build.0 = Debug|Any CPU
		{7C197171-9B9D-4958-BCD0-4851C7E48F5C}.Debug|Mixed Platforms.ActiveCfg = Debug|Any CPU
		{7C197171-9B9D-4958-BCD0-4851C7E48F5C}.Debug|Mixed Platforms.Build.0 = Debug|Any CPU
		{7C197171-9B9D-4958-BCD0-4851C7E48F5C}.Debug|x86.ActiveCfg = Debug|Any CPU
		{7C197171-9B9D-4958-BCD0-4851C7E48F5C}.Release|Any CPU.ActiveCfg = Release|Any CPU
		{7C197171-9B9D-4958-BCD0-4851C7E48F5C}.Release|Any CPU.Build.0 = Release|Any CPU
		{7C197171-9B9D-4958-BCD0-4851C7E48F5C}.Release|Mixed Platforms.ActiveCfg = Release|Any CPU
		{7C197171-9B9D-4958-BCD0-4851C7E48F5C}.Release|Mixed Platforms.Build.0 = Release|Any CPU
		{7C197171-9B9D-4958-BCD0-4851C7E48F5C}.Release|x86.ActiveCfg = Release|Any CPU
		{C51EA5A8-9F74-4587-ADBB-6DDE4FBE1DA0}.Debug|Any CPU.ActiveCfg = Debug|Any CPU
		{C51EA5A8-9F74-4587-ADBB-6DDE4FBE1DA0}.Debug|Any CPU.Build.0 = Debug|Any CPU
		{C51EA5A8-9F74-4587-ADBB-6DDE4FBE1DA0}.Debug|Mixed Platforms.ActiveCfg = Debug|Any CPU
		{C51EA5A8-9F74-4587-ADBB-6DDE4FBE1DA0}.Debug|Mixed Platforms.Build.0 = Debug|Any CPU
		{C51EA5A8-9F74-4587-ADBB-6DDE4FBE1DA0}.Debug|x86.ActiveCfg = Debug|Any CPU
		{C51EA5A8-9F74-4587-ADBB-6DDE4FBE1DA0}.Release|Any CPU.ActiveCfg = Release|Any CPU
		{C51EA5A8-9F74-4587-ADBB-6DDE4FBE1DA0}.Release|Any CPU.Build.0 = Release|Any CPU
		{C51EA5A8-9F74-4587-ADBB-6DDE4FBE1DA0}.Release|Mixed Platforms.ActiveCfg = Release|Any CPU
		{C51EA5A8-9F74-4587-ADBB-6DDE4FBE1DA0}.Release|Mixed Platforms.Build.0 = Release|Any CPU
		{C51EA5A8-9F74-4587-ADBB-6DDE4FBE1DA0}.Release|x86.ActiveCfg = Release|Any CPU
		{306BCE1A-98C7-4D17-94AA-7EE2F96E4409}.Debug|Any CPU.ActiveCfg = Debug|Any CPU
		{306BCE1A-98C7-4D17-94AA-7EE2F96E4409}.Debug|Any CPU.Build.0 = Debug|Any CPU
		{306BCE1A-98C7-4D17-94AA-7EE2F96E4409}.Debug|Mixed Platforms.ActiveCfg = Debug|Any CPU
		{306BCE1A-98C7-4D17-94AA-7EE2F96E4409}.Debug|Mixed Platforms.Build.0 = Debug|Any CPU
		{306BCE1A-98C7-4D17-94AA-7EE2F96E4409}.Debug|x86.ActiveCfg = Debug|Any CPU
		{306BCE1A-98C7-4D17-94AA-7EE2F96E4409}.Release|Any CPU.ActiveCfg = Release|Any CPU
		{306BCE1A-98C7-4D17-94AA-7EE2F96E4409}.Release|Any CPU.Build.0 = Release|Any CPU
		{306BCE1A-98C7-4D17-94AA-7EE2F96E4409}.Release|Mixed Platforms.ActiveCfg = Release|Any CPU
		{306BCE1A-98C7-4D17-94AA-7EE2F96E4409}.Release|Mixed Platforms.Build.0 = Release|Any CPU
		{306BCE1A-98C7-4D17-94AA-7EE2F96E4409}.Release|x86.ActiveCfg = Release|Any CPU
		{104D0EF1-933F-4406-ABD3-F37C8DEA22B7}.Debug|Any CPU.ActiveCfg = Debug|x86
		{104D0EF1-933F-4406-ABD3-F37C8DEA22B7}.Debug|Mixed Platforms.ActiveCfg = Debug|x86
		{104D0EF1-933F-4406-ABD3-F37C8DEA22B7}.Debug|Mixed Platforms.Build.0 = Debug|x86
		{104D0EF1-933F-4406-ABD3-F37C8DEA22B7}.Debug|x86.ActiveCfg = Debug|x86
		{104D0EF1-933F-4406-ABD3-F37C8DEA22B7}.Debug|x86.Build.0 = Debug|x86
		{104D0EF1-933F-4406-ABD3-F37C8DEA22B7}.Release|Any CPU.ActiveCfg = Release|x86
		{104D0EF1-933F-4406-ABD3-F37C8DEA22B7}.Release|Mixed Platforms.ActiveCfg = Release|x86
		{104D0EF1-933F-4406-ABD3-F37C8DEA22B7}.Release|Mixed Platforms.Build.0 = Release|x86
		{104D0EF1-933F-4406-ABD3-F37C8DEA22B7}.Release|x86.ActiveCfg = Release|x86
		{104D0EF1-933F-4406-ABD3-F37C8DEA22B7}.Release|x86.Build.0 = Release|x86
		{6D59B7A2-DAAA-4CC5-A035-E631B3C5E2A3}.Debug|Any CPU.ActiveCfg = Debug|Any CPU
		{6D59B7A2-DAAA-4CC5-A035-E631B3C5E2A3}.Debug|Any CPU.Build.0 = Debug|Any CPU
		{6D59B7A2-DAAA-4CC5-A035-E631B3C5E2A3}.Debug|Mixed Platforms.ActiveCfg = Debug|Any CPU
		{6D59B7A2-DAAA-4CC5-A035-E631B3C5E2A3}.Debug|Mixed Platforms.Build.0 = Debug|Any CPU
		{6D59B7A2-DAAA-4CC5-A035-E631B3C5E2A3}.Debug|x86.ActiveCfg = Debug|Any CPU
		{6D59B7A2-DAAA-4CC5-A035-E631B3C5E2A3}.Release|Any CPU.ActiveCfg = Release|Any CPU
		{6D59B7A2-DAAA-4CC5-A035-E631B3C5E2A3}.Release|Any CPU.Build.0 = Release|Any CPU
		{6D59B7A2-DAAA-4CC5-A035-E631B3C5E2A3}.Release|Mixed Platforms.ActiveCfg = Release|Any CPU
		{6D59B7A2-DAAA-4CC5-A035-E631B3C5E2A3}.Release|Mixed Platforms.Build.0 = Release|Any CPU
		{6D59B7A2-DAAA-4CC5-A035-E631B3C5E2A3}.Release|x86.ActiveCfg = Release|Any CPU
		{BC73F05B-6966-4FC7-A28E-7933C1907F9D}.Debug|Any CPU.ActiveCfg = Debug|Any CPU
		{BC73F05B-6966-4FC7-A28E-7933C1907F9D}.Debug|Any CPU.Build.0 = Debug|Any CPU
		{BC73F05B-6966-4FC7-A28E-7933C1907F9D}.Debug|Mixed Platforms.ActiveCfg = Debug|Any CPU
		{BC73F05B-6966-4FC7-A28E-7933C1907F9D}.Debug|Mixed Platforms.Build.0 = Debug|Any CPU
		{BC73F05B-6966-4FC7-A28E-7933C1907F9D}.Debug|x86.ActiveCfg = Debug|Any CPU
		{BC73F05B-6966-4FC7-A28E-7933C1907F9D}.Release|Any CPU.ActiveCfg = Release|Any CPU
		{BC73F05B-6966-4FC7-A28E-7933C1907F9D}.Release|Any CPU.Build.0 = Release|Any CPU
		{BC73F05B-6966-4FC7-A28E-7933C1907F9D}.Release|Mixed Platforms.ActiveCfg = Release|Any CPU
		{BC73F05B-6966-4FC7-A28E-7933C1907F9D}.Release|Mixed Platforms.Build.0 = Release|Any CPU
		{BC73F05B-6966-4FC7-A28E-7933C1907F9D}.Release|x86.ActiveCfg = Release|Any CPU
		{B1D198F3-CD6D-4EAF-B78E-3286F5AEE99B}.Debug|Any CPU.ActiveCfg = Debug|Any CPU
		{B1D198F3-CD6D-4EAF-B78E-3286F5AEE99B}.Debug|Any CPU.Build.0 = Debug|Any CPU
		{B1D198F3-CD6D-4EAF-B78E-3286F5AEE99B}.Debug|Mixed Platforms.ActiveCfg = Debug|Any CPU
		{B1D198F3-CD6D-4EAF-B78E-3286F5AEE99B}.Debug|Mixed Platforms.Build.0 = Debug|Any CPU
		{B1D198F3-CD6D-4EAF-B78E-3286F5AEE99B}.Debug|x86.ActiveCfg = Debug|Any CPU
		{B1D198F3-CD6D-4EAF-B78E-3286F5AEE99B}.Release|Any CPU.ActiveCfg = Release|Any CPU
		{B1D198F3-CD6D-4EAF-B78E-3286F5AEE99B}.Release|Any CPU.Build.0 = Release|Any CPU
		{B1D198F3-CD6D-4EAF-B78E-3286F5AEE99B}.Release|Mixed Platforms.ActiveCfg = Release|Any CPU
		{B1D198F3-CD6D-4EAF-B78E-3286F5AEE99B}.Release|Mixed Platforms.Build.0 = Release|Any CPU
		{B1D198F3-CD6D-4EAF-B78E-3286F5AEE99B}.Release|x86.ActiveCfg = Release|Any CPU
	EndGlobalSection
	GlobalSection(SolutionProperties) = preSolution
		HideSolutionNode = FALSE
	EndGlobalSection
EndGlobal
